// !$*UTF8*$!
{
	archiveVersion = 1;
	classes = {
	};
	objectVersion = 46;
	objects = {

/* Begin PBXBuildFile section */
		68100C2B1B07C5DF00D5C52B /* main.m in Sources */ = {isa = PBXBuildFile; fileRef = 68100C2A1B07C5DF00D5C52B /* main.m */; };
		68100C2E1B07C5DF00D5C52B /* AppDelegate.m in Sources */ = {isa = PBXBuildFile; fileRef = 68100C2D1B07C5DF00D5C52B /* AppDelegate.m */; };
		68100C311B07C5DF00D5C52B /* MetroAttractions.xcdatamodeld in Sources */ = {isa = PBXBuildFile; fileRef = 68100C2F1B07C5DF00D5C52B /* MetroAttractions.xcdatamodeld */; };
		68100C341B07C5DF00D5C52B /* ViewController.m in Sources */ = {isa = PBXBuildFile; fileRef = 68100C331B07C5DF00D5C52B /* ViewController.m */; };
		68100C371B07C5DF00D5C52B /* Main.storyboard in Resources */ = {isa = PBXBuildFile; fileRef = 68100C351B07C5DF00D5C52B /* Main.storyboard */; };
		68100C391B07C5DF00D5C52B /* Images.xcassets in Resources */ = {isa = PBXBuildFile; fileRef = 68100C381B07C5DF00D5C52B /* Images.xcassets */; };
		68100C3C1B07C5DF00D5C52B /* LaunchScreen.xib in Resources */ = {isa = PBXBuildFile; fileRef = 68100C3A1B07C5DF00D5C52B /* LaunchScreen.xib */; };
		68100C481B07C5DF00D5C52B /* MetroAttractionsTests.m in Sources */ = {isa = PBXBuildFile; fileRef = 68100C471B07C5DF00D5C52B /* MetroAttractionsTests.m */; };
		68CDF5BA1B07C94800C2D6B2 /* OutputViewController.m in Sources */ = {isa = PBXBuildFile; fileRef = 68CDF5B91B07C94800C2D6B2 /* OutputViewController.m */; };
		68CDF5BD1B07D28D00C2D6B2 /* InputController.m in Sources */ = {isa = PBXBuildFile; fileRef = 68CDF5BC1B07D28D00C2D6B2 /* InputController.m */; };
		68CDF5C11B07DDAC00C2D6B2 /* VHLocationManager.m in Sources */ = {isa = PBXBuildFile; fileRef = 68CDF5C01B07DDAC00C2D6B2 /* VHLocationManager.m */; };
/* End PBXBuildFile section */

/* Begin PBXContainerItemProxy section */
		68100C421B07C5DF00D5C52B /* PBXContainerItemProxy */ = {
			isa = PBXContainerItemProxy;
			containerPortal = 68100C1D1B07C5DF00D5C52B /* Project object */;
			proxyType = 1;
			remoteGlobalIDString = 68100C241B07C5DF00D5C52B;
			remoteInfo = MetroAttractions;
		};
/* End PBXContainerItemProxy section */

/* Begin PBXFileReference section */
		68100C251B07C5DF00D5C52B /* MetroAttractions.app */ = {isa = PBXFileReference; explicitFileType = wrapper.application; includeInIndex = 0; path = MetroAttractions.app; sourceTree = BUILT_PRODUCTS_DIR; };
		68100C291B07C5DF00D5C52B /* Info.plist */ = {isa = PBXFileReference; lastKnownFileType = text.plist.xml; path = Info.plist; sourceTree = "<group>"; };
		68100C2A1B07C5DF00D5C52B /* main.m */ = {isa = PBXFileReference; lastKnownFileType = sourcecode.c.objc; path = main.m; sourceTree = "<group>"; };
		68100C2C1B07C5DF00D5C52B /* AppDelegate.h */ = {isa = PBXFileReference; lastKnownFileType = sourcecode.c.h; path = AppDelegate.h; sourceTree = "<group>"; };
		68100C2D1B07C5DF00D5C52B /* AppDelegate.m */ = {isa = PBXFileReference; lastKnownFileType = sourcecode.c.objc; path = AppDelegate.m; sourceTree = "<group>"; };
		68100C301B07C5DF00D5C52B /* MetroAttractions.xcdatamodel */ = {isa = PBXFileReference; lastKnownFileType = wrapper.xcdatamodel; path = MetroAttractions.xcdatamodel; sourceTree = "<group>"; };
		68100C321B07C5DF00D5C52B /* ViewController.h */ = {isa = PBXFileReference; lastKnownFileType = sourcecode.c.h; path = ViewController.h; sourceTree = "<group>"; };
		68100C331B07C5DF00D5C52B /* ViewController.m */ = {isa = PBXFileReference; lastKnownFileType = sourcecode.c.objc; path = ViewController.m; sourceTree = "<group>"; };
		68100C361B07C5DF00D5C52B /* Base */ = {isa = PBXFileReference; lastKnownFileType = file.storyboard; name = Base; path = Base.lproj/Main.storyboard; sourceTree = "<group>"; };
		68100C381B07C5DF00D5C52B /* Images.xcassets */ = {isa = PBXFileReference; lastKnownFileType = folder.assetcatalog; path = Images.xcassets; sourceTree = "<group>"; };
		68100C3B1B07C5DF00D5C52B /* Base */ = {isa = PBXFileReference; lastKnownFileType = file.xib; name = Base; path = Base.lproj/LaunchScreen.xib; sourceTree = "<group>"; };
		68100C411B07C5DF00D5C52B /* MetroAttractionsTests.xctest */ = {isa = PBXFileReference; explicitFileType = wrapper.cfbundle; includeInIndex = 0; path = MetroAttractionsTests.xctest; sourceTree = BUILT_PRODUCTS_DIR; };
		68100C461B07C5DF00D5C52B /* Info.plist */ = {isa = PBXFileReference; lastKnownFileType = text.plist.xml; path = Info.plist; sourceTree = "<group>"; };
		68100C471B07C5DF00D5C52B /* MetroAttractionsTests.m */ = {isa = PBXFileReference; lastKnownFileType = sourcecode.c.objc; path = MetroAttractionsTests.m; sourceTree = "<group>"; };
		68CDF5B91B07C94800C2D6B2 /* OutputViewController.m */ = {isa = PBXFileReference; fileEncoding = 4; lastKnownFileType = sourcecode.c.objc; path = OutputViewController.m; sourceTree = "<group>"; };
		68CDF5BB1B07D28D00C2D6B2 /* InputController.h */ = {isa = PBXFileReference; fileEncoding = 4; lastKnownFileType = sourcecode.c.h; path = InputController.h; sourceTree = "<group>"; };
		68CDF5BC1B07D28D00C2D6B2 /* InputController.m */ = {isa = PBXFileReference; fileEncoding = 4; lastKnownFileType = sourcecode.c.objc; path = InputController.m; sourceTree = "<group>"; };
		68CDF5BE1B07DAC100C2D6B2 /* OutputViewController.h */ = {isa = PBXFileReference; lastKnownFileType = sourcecode.c.h; path = OutputViewController.h; sourceTree = "<group>"; };
		68CDF5BF1B07DDAC00C2D6B2 /* VHLocationManager.h */ = {isa = PBXFileReference; fileEncoding = 4; lastKnownFileType = sourcecode.c.h; path = VHLocationManager.h; sourceTree = "<group>"; };
		68CDF5C01B07DDAC00C2D6B2 /* VHLocationManager.m */ = {isa = PBXFileReference; fileEncoding = 4; lastKnownFileType = sourcecode.c.objc; path = VHLocationManager.m; sourceTree = "<group>"; };
/* End PBXFileReference section */

/* Begin PBXFrameworksBuildPhase section */
		68100C221B07C5DF00D5C52B /* Frameworks */ = {
			isa = PBXFrameworksBuildPhase;
			buildActionMask = 2147483647;
			files = (
			);
			runOnlyForDeploymentPostprocessing = 0;
		};
		68100C3E1B07C5DF00D5C52B /* Frameworks */ = {
			isa = PBXFrameworksBuildPhase;
			buildActionMask = 2147483647;
			files = (
			);
			runOnlyForDeploymentPostprocessing = 0;
		};
/* End PBXFrameworksBuildPhase section */

/* Begin PBXGroup section */
		68100C1C1B07C5DF00D5C52B = {
			isa = PBXGroup;
			children = (
				68100C271B07C5DF00D5C52B /* MetroAttractions */,
				68100C441B07C5DF00D5C52B /* MetroAttractionsTests */,
				68100C261B07C5DF00D5C52B /* Products */,
			);
			sourceTree = "<group>";
		};
		68100C261B07C5DF00D5C52B /* Products */ = {
			isa = PBXGroup;
			children = (
				68100C251B07C5DF00D5C52B /* MetroAttractions.app */,
				68100C411B07C5DF00D5C52B /* MetroAttractionsTests.xctest */,
			);
			name = Products;
			sourceTree = "<group>";
		};
		68100C271B07C5DF00D5C52B /* MetroAttractions */ = {
			isa = PBXGroup;
			children = (
				68100C2C1B07C5DF00D5C52B /* AppDelegate.h */,
				68100C2D1B07C5DF00D5C52B /* AppDelegate.m */,
				68100C321B07C5DF00D5C52B /* ViewController.h */,
				68100C331B07C5DF00D5C52B /* ViewController.m */,
				68CDF5BE1B07DAC100C2D6B2 /* OutputViewController.h */,
				68CDF5B91B07C94800C2D6B2 /* OutputViewController.m */,
				68CDF5BB1B07D28D00C2D6B2 /* InputController.h */,
				68CDF5BC1B07D28D00C2D6B2 /* InputController.m */,
				68100C351B07C5DF00D5C52B /* Main.storyboard */,
				68CDF5BF1B07DDAC00C2D6B2 /* VHLocationManager.h */,
				68CDF5C01B07DDAC00C2D6B2 /* VHLocationManager.m */,
				68100C381B07C5DF00D5C52B /* Images.xcassets */,
				68100C3A1B07C5DF00D5C52B /* LaunchScreen.xib */,
				68100C2F1B07C5DF00D5C52B /* MetroAttractions.xcdatamodeld */,
				68100C281B07C5DF00D5C52B /* Supporting Files */,
			);
			path = MetroAttractions;
			sourceTree = "<group>";
		};
		68100C281B07C5DF00D5C52B /* Supporting Files */ = {
			isa = PBXGroup;
			children = (
				68100C291B07C5DF00D5C52B /* Info.plist */,
				68100C2A1B07C5DF00D5C52B /* main.m */,
			);
			name = "Supporting Files";
			sourceTree = "<group>";
		};
		68100C441B07C5DF00D5C52B /* MetroAttractionsTests */ = {
			isa = PBXGroup;
			children = (
				68100C471B07C5DF00D5C52B /* MetroAttractionsTests.m */,
				68100C451B07C5DF00D5C52B /* Supporting Files */,
			);
			path = MetroAttractionsTests;
			sourceTree = "<group>";
		};
		68100C451B07C5DF00D5C52B /* Supporting Files */ = {
			isa = PBXGroup;
			children = (
				68100C461B07C5DF00D5C52B /* Info.plist */,
			);
			name = "Supporting Files";
			sourceTree = "<group>";
		};
/* End PBXGroup section */

/* Begin PBXNativeTarget section */
		68100C241B07C5DF00D5C52B /* MetroAttractions */ = {
			isa = PBXNativeTarget;
			buildConfigurationList = 68100C4B1B07C5DF00D5C52B /* Build configuration list for PBXNativeTarget "MetroAttractions" */;
			buildPhases = (
				68100C211B07C5DF00D5C52B /* Sources */,
				68100C221B07C5DF00D5C52B /* Frameworks */,
				68100C231B07C5DF00D5C52B /* Resources */,
			);
			buildRules = (
			);
			dependencies = (
			);
			name = MetroAttractions;
			productName = MetroAttractions;
			productReference = 68100C251B07C5DF00D5C52B /* MetroAttractions.app */;
			productType = "com.apple.product-type.application";
		};
		68100C401B07C5DF00D5C52B /* MetroAttractionsTests */ = {
			isa = PBXNativeTarget;
			buildConfigurationList = 68100C4E1B07C5DF00D5C52B /* Build configuration list for PBXNativeTarget "MetroAttractionsTests" */;
			buildPhases = (
				68100C3D1B07C5DF00D5C52B /* Sources */,
				68100C3E1B07C5DF00D5C52B /* Frameworks */,
				68100C3F1B07C5DF00D5C52B /* Resources */,
			);
			buildRules = (
			);
			dependencies = (
				68100C431B07C5DF00D5C52B /* PBXTargetDependency */,
			);
			name = MetroAttractionsTests;
			productName = MetroAttractionsTests;
			productReference = 68100C411B07C5DF00D5C52B /* MetroAttractionsTests.xctest */;
			productType = "com.apple.product-type.bundle.unit-test";
		};
/* End PBXNativeTarget section */

/* Begin PBXProject section */
		68100C1D1B07C5DF00D5C52B /* Project object */ = {
			isa = PBXProject;
			attributes = {
				LastUpgradeCheck = 0610;
				ORGANIZATIONNAME = "Houston Hackathon";
				TargetAttributes = {
					68100C241B07C5DF00D5C52B = {
						CreatedOnToolsVersion = 6.1;
					};
					68100C401B07C5DF00D5C52B = {
						CreatedOnToolsVersion = 6.1;
						TestTargetID = 68100C241B07C5DF00D5C52B;
					};
				};
			};
			buildConfigurationList = 68100C201B07C5DF00D5C52B /* Build configuration list for PBXProject "MetroAttractions" */;
			compatibilityVersion = "Xcode 3.2";
			developmentRegion = English;
			hasScannedForEncodings = 0;
			knownRegions = (
				en,
				Base,
			);
			mainGroup = 68100C1C1B07C5DF00D5C52B;
			productRefGroup = 68100C261B07C5DF00D5C52B /* Products */;
			projectDirPath = "";
			projectRoot = "";
			targets = (
				68100C241B07C5DF00D5C52B /* MetroAttractions */,
				68100C401B07C5DF00D5C52B /* MetroAttractionsTests */,
			);
		};
/* End PBXProject section */

/* Begin PBXResourcesBuildPhase section */
		68100C231B07C5DF00D5C52B /* Resources */ = {
			isa = PBXResourcesBuildPhase;
			buildActionMask = 2147483647;
			files = (
				68100C371B07C5DF00D5C52B /* Main.storyboard in Resources */,
				68100C3C1B07C5DF00D5C52B /* LaunchScreen.xib in Resources */,
				68100C391B07C5DF00D5C52B /* Images.xcassets in Resources */,
			);
			runOnlyForDeploymentPostprocessing = 0;
		};
		68100C3F1B07C5DF00D5C52B /* Resources */ = {
			isa = PBXResourcesBuildPhase;
			buildActionMask = 2147483647;
			files = (
			);
			runOnlyForDeploymentPostprocessing = 0;
		};
/* End PBXResourcesBuildPhase section */

/* Begin PBXSourcesBuildPhase section */
		68100C211B07C5DF00D5C52B /* Sources */ = {
			isa = PBXSourcesBuildPhase;
			buildActionMask = 2147483647;
			files = (
				68CDF5BA1B07C94800C2D6B2 /* OutputViewController.m in Sources */,
				68CDF5C11B07DDAC00C2D6B2 /* VHLocationManager.m in Sources */,
				68100C311B07C5DF00D5C52B /* MetroAttractions.xcdatamodeld in Sources */,
				68CDF5BD1B07D28D00C2D6B2 /* InputController.m in Sources */,
				68100C2E1B07C5DF00D5C52B /* AppDelegate.m in Sources */,
				68100C341B07C5DF00D5C52B /* ViewController.m in Sources */,
				68100C2B1B07C5DF00D5C52B /* main.m in Sources */,
			);
			runOnlyForDeploymentPostprocessing = 0;
		};
		68100C3D1B07C5DF00D5C52B /* Sources */ = {
			isa = PBXSourcesBuildPhase;
			buildActionMask = 2147483647;
			files = (
				68100C481B07C5DF00D5C52B /* MetroAttractionsTests.m in Sources */,
			);
			runOnlyForDeploymentPostprocessing = 0;
		};
/* End PBXSourcesBuildPhase section */

/* Begin PBXTargetDependency section */
		68100C431B07C5DF00D5C52B /* PBXTargetDependency */ = {
			isa = PBXTargetDependency;
			target = 68100C241B07C5DF00D5C52B /* MetroAttractions */;
			targetProxy = 68100C421B07C5DF00D5C52B /* PBXContainerItemProxy */;
		};
/* End PBXTargetDependency section */

/* Begin PBXVariantGroup section */
		68100C351B07C5DF00D5C52B /* Main.storyboard */ = {
			isa = PBXVariantGroup;
			children = (
				68100C361B07C5DF00D5C52B /* Base */,
			);
			name = Main.storyboard;
			sourceTree = "<group>";
		};
		68100C3A1B07C5DF00D5C52B /* LaunchScreen.xib */ = {
			isa = PBXVariantGroup;
			children = (
				68100C3B1B07C5DF00D5C52B /* Base */,
			);
			name = LaunchScreen.xib;
			sourceTree = "<group>";
		};
/* End PBXVariantGroup section */

/* Begin XCBuildConfiguration section */
		68100C491B07C5DF00D5C52B /* Debug */ = {
			isa = XCBuildConfiguration;
			buildSettings = {
				ALWAYS_SEARCH_USER_PATHS = NO;
				CLANG_CXX_LANGUAGE_STANDARD = "gnu++0x";
				CLANG_CXX_LIBRARY = "libc++";
				CLANG_ENABLE_MODULES = YES;
				CLANG_ENABLE_OBJC_ARC = YES;
				CLANG_WARN_BOOL_CONVERSION = YES;
				CLANG_WARN_CONSTANT_CONVERSION = YES;
				CLANG_WARN_DIRECT_OBJC_ISA_USAGE = YES_ERROR;
				CLANG_WARN_EMPTY_BODY = YES;
				CLANG_WARN_ENUM_CONVERSION = YES;
				CLANG_WARN_INT_CONVERSION = YES;
				CLANG_WARN_OBJC_ROOT_CLASS = YES_ERROR;
				CLANG_WARN_UNREACHABLE_CODE = YES;
				CLANG_WARN__DUPLICATE_METHOD_MATCH = YES;
				"CODE_SIGN_IDENTITY[sdk=iphoneos*]" = "iPhone Developer";
				COPY_PHASE_STRIP = NO;
				ENABLE_STRICT_OBJC_MSGSEND = YES;
				GCC_C_LANGUAGE_STANDARD = gnu99;
				GCC_DYNAMIC_NO_PIC = NO;
				GCC_OPTIMIZATION_LEVEL = 0;
				GCC_PREPROCESSOR_DEFINITIONS = (
					"DEBUG=1",
					"$(inherited)",
				);
				GCC_SYMBOLS_PRIVATE_EXTERN = NO;
				GCC_WARN_64_TO_32_BIT_CONVERSION = YES;
				GCC_WARN_ABOUT_RETURN_TYPE = YES_ERROR;
				GCC_WARN_UNDECLARED_SELECTOR = YES;
				GCC_WARN_UNINITIALIZED_AUTOS = YES_AGGRESSIVE;
				GCC_WARN_UNUSED_FUNCTION = YES;
				GCC_WARN_UNUSED_VARIABLE = YES;
				IPHONEOS_DEPLOYMENT_TARGET = 8.1;
				MTL_ENABLE_DEBUG_INFO = YES;
				ONLY_ACTIVE_ARCH = YES;
				SDKROOT = iphoneos;
			};
			name = Debug;
		};
		68100C4A1B07C5DF00D5C52B /* Release */ = {
			isa = XCBuildConfiguration;
			buildSettings = {
				ALWAYS_SEARCH_USER_PATHS = NO;
				CLANG_CXX_LANGUAGE_STANDARD = "gnu++0x";
				CLANG_CXX_LIBRARY = "libc++";
				CLANG_ENABLE_MODULES = YES;
				CLANG_ENABLE_OBJC_ARC = YES;
				CLANG_WARN_BOOL_CONVERSION = YES;
				CLANG_WARN_CONSTANT_CONVERSION = YES;
				CLANG_WARN_DIRECT_OBJC_ISA_USAGE = YES_ERROR;
				CLANG_WARN_EMPTY_BODY = YES;
				CLANG_WARN_ENUM_CONVERSION = YES;
				CLANG_WARN_INT_CONVERSION = YES;
				CLANG_WARN_OBJC_ROOT_CLASS = YES_ERROR;
				CLANG_WARN_UNREACHABLE_CODE = YES;
				CLANG_WARN__DUPLICATE_METHOD_MATCH = YES;
				"CODE_SIGN_IDENTITY[sdk=iphoneos*]" = "iPhone Developer";
				COPY_PHASE_STRIP = YES;
				ENABLE_NS_ASSERTIONS = NO;
				ENABLE_STRICT_OBJC_MSGSEND = YES;
				GCC_C_LANGUAGE_STANDARD = gnu99;
				GCC_WARN_64_TO_32_BIT_CONVERSION = YES;
				GCC_WARN_ABOUT_RETURN_TYPE = YES_ERROR;
				GCC_WARN_UNDECLARED_SELECTOR = YES;
				GCC_WARN_UNINITIALIZED_AUTOS = YES_AGGRESSIVE;
				GCC_WARN_UNUSED_FUNCTION = YES;
				GCC_WARN_UNUSED_VARIABLE = YES;
				IPHONEOS_DEPLOYMENT_TARGET = 8.1;
				MTL_ENABLE_DEBUG_INFO = NO;
				SDKROOT = iphoneos;
				VALIDATE_PRODUCT = YES;
			};
			name = Release;
		};
		68100C4C1B07C5DF00D5C52B /* Debug */ = {
			isa = XCBuildConfiguration;
			buildSettings = {
				ASSETCATALOG_COMPILER_APPICON_NAME = AppIcon;
				INFOPLIST_FILE = MetroAttractions/Info.plist;
				LD_RUNPATH_SEARCH_PATHS = "$(inherited) @executable_path/Frameworks";
				PRODUCT_NAME = "$(TARGET_NAME)";
			};
			name = Debug;
		};
		68100C4D1B07C5DF00D5C52B /* Release */ = {
			isa = XCBuildConfiguration;
			buildSettings = {
				ASSETCATALOG_COMPILER_APPICON_NAME = AppIcon;
				INFOPLIST_FILE = MetroAttractions/Info.plist;
				LD_RUNPATH_SEARCH_PATHS = "$(inherited) @executable_path/Frameworks";
				PRODUCT_NAME = "$(TARGET_NAME)";
			};
			name = Release;
		};
		68100C4F1B07C5DF00D5C52B /* Debug */ = {
			isa = XCBuildConfiguration;
			buildSettings = {
				BUNDLE_LOADER = "$(TEST_HOST)";
				FRAMEWORK_SEARCH_PATHS = (
					"$(SDKROOT)/Developer/Library/Frameworks",
					"$(inherited)",
				);
				GCC_PREPROCESSOR_DEFINITIONS = (
					"DEBUG=1",
					"$(inherited)",
				);
				INFOPLIST_FILE = MetroAttractionsTests/Info.plist;
				LD_RUNPATH_SEARCH_PATHS = "$(inherited) @executable_path/Frameworks @loader_path/Frameworks";
				PRODUCT_NAME = "$(TARGET_NAME)";
				TEST_HOST = "$(BUILT_PRODUCTS_DIR)/MetroAttractions.app/MetroAttractions";
			};
			name = Debug;
		};
		68100C501B07C5DF00D5C52B /* Release */ = {
			isa = XCBuildConfiguration;
			buildSettings = {
				BUNDLE_LOADER = "$(TEST_HOST)";
				FRAMEWORK_SEARCH_PATHS = (
					"$(SDKROOT)/Developer/Library/Frameworks",
					"$(inherited)",
				);
				INFOPLIST_FILE = MetroAttractionsTests/Info.plist;
				LD_RUNPATH_SEARCH_PATHS = "$(inherited) @executable_path/Frameworks @loader_path/Frameworks";
				PRODUCT_NAME = "$(TARGET_NAME)";
				TEST_HOST = "$(BUILT_PRODUCTS_DIR)/MetroAttractions.app/MetroAttractions";
			};
			name = Release;
		};
/* End XCBuildConfiguration section */

/* Begin XCConfigurationList section */
		68100C201B07C5DF00D5C52B /* Build configuration list for PBXProject "MetroAttractions" */ = {
			isa = XCConfigurationList;
			buildConfigurations = (
				68100C491B07C5DF00D5C52B /* Debug */,
				68100C4A1B07C5DF00D5C52B /* Release */,
			);
			defaultConfigurationIsVisible = 0;
			defaultConfigurationName = Release;
		};
		68100C4B1B07C5DF00D5C52B /* Build configuration list for PBXNativeTarget "MetroAttractions" */ = {
			isa = XCConfigurationList;
			buildConfigurations = (
				68100C4C1B07C5DF00D5C52B /* Debug */,
				68100C4D1B07C5DF00D5C52B /* Release */,
			);
			defaultConfigurationIsVisible = 0;
			defaultConfigurationName = Release;
		};
		68100C4E1B07C5DF00D5C52B /* Build configuration list for PBXNativeTarget "MetroAttractionsTests" */ = {
			isa = XCConfigurationList;
			buildConfigurations = (
				68100C4F1B07C5DF00D5C52B /* Debug */,
				68100C501B07C5DF00D5C52B /* Release */,
			);
			defaultConfigurationIsVisible = 0;
			defaultConfigurationName = Release;
		};
/* End XCConfigurationList section */

/* Begin XCVersionGroup section */
		68100C2F1B07C5DF00D5C52B /* MetroAttractions.xcdatamodeld */ = {
			isa = XCVersionGroup;
			children = (
				68100C301B07C5DF00D5C52B /* MetroAttractions.xcdatamodel */,
			);
			currentVersion = 68100C301B07C5DF00D5C52B /* MetroAttractions.xcdatamodel */;
			path = MetroAttractions.xcdatamodeld;
			sourceTree = "<group>";
			versionGroupType = wrapper.xcdatamodel;
		};
/* End XCVersionGroup section */
	};
	rootObject = 68100C1D1B07C5DF00D5C52B /* Project object */;
}
